// !$*UTF8*$!
{
	archiveVersion = 1;
	classes = {
	};
	objectVersion = 51;
	objects = {

/* Begin PBXBuildFile section */
		A22A3CEE26B5CDA600DDAB49 /* UserService.swift in Sources */ = {isa = PBXBuildFile; fileRef = A22A3CED26B5CDA600DDAB49 /* UserService.swift */; };
		A27ECF1A26B3997F00DCFF4C /* LoginView.swift in Sources */ = {isa = PBXBuildFile; fileRef = A27ECF1926B3997F00DCFF4C /* LoginView.swift */; };
		A27ECF1D26B399BF00DCFF4C /* ProfileView.swift in Sources */ = {isa = PBXBuildFile; fileRef = A27ECF1C26B399BF00DCFF4C /* ProfileView.swift */; };
		A27ECF2026B399DA00DCFF4C /* LaunchView.swift in Sources */ = {isa = PBXBuildFile; fileRef = A27ECF1F26B399DA00DCFF4C /* LaunchView.swift */; };
		A2BA65F6269BA50D00E4E62D /* RectangleCard.swift in Sources */ = {isa = PBXBuildFile; fileRef = A2BA65F5269BA50D00E4E62D /* RectangleCard.swift */; };
		A2BA661A269BD1BD00E4E62D /* TestView.swift in Sources */ = {isa = PBXBuildFile; fileRef = A2BA6619269BD1BD00E4E62D /* TestView.swift */; };
		A2DDB0E326AE499D00B9FF6E /* GoogleService-Info.plist in Resources */ = {isa = PBXBuildFile; fileRef = A2DDB0E226AE499D00B9FF6E /* GoogleService-Info.plist */; };
		A2EA2CB22696A1A9002D44E7 /* LearningApp.swift in Sources */ = {isa = PBXBuildFile; fileRef = A2EA2CB12696A1A9002D44E7 /* LearningApp.swift */; };
		A2EA2CB42696A1A9002D44E7 /* HomeView.swift in Sources */ = {isa = PBXBuildFile; fileRef = A2EA2CB32696A1A9002D44E7 /* HomeView.swift */; };
		A2EA2CB62696A1AC002D44E7 /* Assets.xcassets in Resources */ = {isa = PBXBuildFile; fileRef = A2EA2CB52696A1AC002D44E7 /* Assets.xcassets */; };
		A2EA2CB92696A1AC002D44E7 /* Preview Assets.xcassets in Resources */ = {isa = PBXBuildFile; fileRef = A2EA2CB82696A1AC002D44E7 /* Preview Assets.xcassets */; };
		A2EA2CCA2696A28F002D44E7 /* ContentModel.swift in Sources */ = {isa = PBXBuildFile; fileRef = A2EA2CC92696A28F002D44E7 /* ContentModel.swift */; };
		A2EA2CCE2696A453002D44E7 /* style.html in Resources */ = {isa = PBXBuildFile; fileRef = A2EA2CCC2696A453002D44E7 /* style.html */; };
		A2EA2CD22696A5DC002D44E7 /* Models.swift in Sources */ = {isa = PBXBuildFile; fileRef = A2EA2CD12696A5DC002D44E7 /* Models.swift */; };
		A2EA2CD52699287B002D44E7 /* HomeViewCard.swift in Sources */ = {isa = PBXBuildFile; fileRef = A2EA2CD42699287B002D44E7 /* HomeViewCard.swift */; };
		A2EA2CD826992D0A002D44E7 /* ContentView.swift in Sources */ = {isa = PBXBuildFile; fileRef = A2EA2CD726992D0A002D44E7 /* ContentView.swift */; };
		A2EA2CDB269935A4002D44E7 /* ContentViewCard.swift in Sources */ = {isa = PBXBuildFile; fileRef = A2EA2CDA269935A4002D44E7 /* ContentViewCard.swift */; };
		A2EA2CDE26993710002D44E7 /* ContentDetailView.swift in Sources */ = {isa = PBXBuildFile; fileRef = A2EA2CDD26993710002D44E7 /* ContentDetailView.swift */; };
		A2EA2CE2269938F6002D44E7 /* AVKit.framework in Frameworks */ = {isa = PBXBuildFile; fileRef = A2EA2CE1269938F6002D44E7 /* AVKit.framework */; };
		A2EA2CE426993A02002D44E7 /* Constants.swift in Sources */ = {isa = PBXBuildFile; fileRef = A2EA2CE326993A02002D44E7 /* Constants.swift */; };
		A2FA1D83269A058D00180053 /* CodeTextView.swift in Sources */ = {isa = PBXBuildFile; fileRef = A2FA1D82269A058D00180053 /* CodeTextView.swift */; };
		A2FFEED3269CF25E00128C64 /* TestResultView.swift in Sources */ = {isa = PBXBuildFile; fileRef = A2FFEED2269CF25E00128C64 /* TestResultView.swift */; };
		ACD16E1753DA4B404B52D771 /* Pods_LearningApp.framework in Frameworks */ = {isa = PBXBuildFile; fileRef = D6A5555A12F3E186D1677806 /* Pods_LearningApp.framework */; };
/* End PBXBuildFile section */

/* Begin PBXFileReference section */
		A22A3CED26B5CDA600DDAB49 /* UserService.swift */ = {isa = PBXFileReference; lastKnownFileType = sourcecode.swift; path = UserService.swift; sourceTree = "<group>"; };
		A27ECF1926B3997F00DCFF4C /* LoginView.swift */ = {isa = PBXFileReference; lastKnownFileType = sourcecode.swift; path = LoginView.swift; sourceTree = "<group>"; };
		A27ECF1C26B399BF00DCFF4C /* ProfileView.swift */ = {isa = PBXFileReference; lastKnownFileType = sourcecode.swift; path = ProfileView.swift; sourceTree = "<group>"; };
		A27ECF1F26B399DA00DCFF4C /* LaunchView.swift */ = {isa = PBXFileReference; lastKnownFileType = sourcecode.swift; path = LaunchView.swift; sourceTree = "<group>"; };
		A2BA65F5269BA50D00E4E62D /* RectangleCard.swift */ = {isa = PBXFileReference; lastKnownFileType = sourcecode.swift; path = RectangleCard.swift; sourceTree = "<group>"; };
		A2BA6619269BD1BD00E4E62D /* TestView.swift */ = {isa = PBXFileReference; lastKnownFileType = sourcecode.swift; path = TestView.swift; sourceTree = "<group>"; };
		A2DDB0E226AE499D00B9FF6E /* GoogleService-Info.plist */ = {isa = PBXFileReference; fileEncoding = 4; lastKnownFileType = text.plist.xml; path = "GoogleService-Info.plist"; sourceTree = "<group>"; };
		A2EA2CAE2696A1A9002D44E7 /* LearningApp.app */ = {isa = PBXFileReference; explicitFileType = wrapper.application; includeInIndex = 0; path = LearningApp.app; sourceTree = BUILT_PRODUCTS_DIR; };
		A2EA2CB12696A1A9002D44E7 /* LearningApp.swift */ = {isa = PBXFileReference; lastKnownFileType = sourcecode.swift; path = LearningApp.swift; sourceTree = "<group>"; };
		A2EA2CB32696A1A9002D44E7 /* HomeView.swift */ = {isa = PBXFileReference; lastKnownFileType = sourcecode.swift; path = HomeView.swift; sourceTree = "<group>"; };
		A2EA2CB52696A1AC002D44E7 /* Assets.xcassets */ = {isa = PBXFileReference; lastKnownFileType = folder.assetcatalog; path = Assets.xcassets; sourceTree = "<group>"; };
		A2EA2CB82696A1AC002D44E7 /* Preview Assets.xcassets */ = {isa = PBXFileReference; lastKnownFileType = folder.assetcatalog; path = "Preview Assets.xcassets"; sourceTree = "<group>"; };
		A2EA2CBA2696A1AC002D44E7 /* Info.plist */ = {isa = PBXFileReference; lastKnownFileType = text.plist.xml; path = Info.plist; sourceTree = "<group>"; };
		A2EA2CC92696A28F002D44E7 /* ContentModel.swift */ = {isa = PBXFileReference; lastKnownFileType = sourcecode.swift; path = ContentModel.swift; sourceTree = "<group>"; };
		A2EA2CCC2696A453002D44E7 /* style.html */ = {isa = PBXFileReference; fileEncoding = 4; lastKnownFileType = text.html; path = style.html; sourceTree = "<group>"; };
		A2EA2CD12696A5DC002D44E7 /* Models.swift */ = {isa = PBXFileReference; lastKnownFileType = sourcecode.swift; path = Models.swift; sourceTree = "<group>"; };
		A2EA2CD42699287B002D44E7 /* HomeViewCard.swift */ = {isa = PBXFileReference; lastKnownFileType = sourcecode.swift; path = HomeViewCard.swift; sourceTree = "<group>"; };
		A2EA2CD726992D0A002D44E7 /* ContentView.swift */ = {isa = PBXFileReference; lastKnownFileType = sourcecode.swift; path = ContentView.swift; sourceTree = "<group>"; };
		A2EA2CDA269935A4002D44E7 /* ContentViewCard.swift */ = {isa = PBXFileReference; lastKnownFileType = sourcecode.swift; path = ContentViewCard.swift; sourceTree = "<group>"; };
		A2EA2CDD26993710002D44E7 /* ContentDetailView.swift */ = {isa = PBXFileReference; lastKnownFileType = sourcecode.swift; path = ContentDetailView.swift; sourceTree = "<group>"; };
		A2EA2CE1269938F6002D44E7 /* AVKit.framework */ = {isa = PBXFileReference; lastKnownFileType = wrapper.framework; name = AVKit.framework; path = System/Library/Frameworks/AVKit.framework; sourceTree = SDKROOT; };
		A2EA2CE326993A02002D44E7 /* Constants.swift */ = {isa = PBXFileReference; lastKnownFileType = sourcecode.swift; path = Constants.swift; sourceTree = "<group>"; };
		A2FA1D82269A058D00180053 /* CodeTextView.swift */ = {isa = PBXFileReference; lastKnownFileType = sourcecode.swift; path = CodeTextView.swift; sourceTree = "<group>"; };
		A2FFEED2269CF25E00128C64 /* TestResultView.swift */ = {isa = PBXFileReference; lastKnownFileType = sourcecode.swift; path = TestResultView.swift; sourceTree = "<group>"; };
		CA15C9A8E77D619045813DDD /* Pods-LearningApp.release.xcconfig */ = {isa = PBXFileReference; includeInIndex = 1; lastKnownFileType = text.xcconfig; name = "Pods-LearningApp.release.xcconfig"; path = "Target Support Files/Pods-LearningApp/Pods-LearningApp.release.xcconfig"; sourceTree = "<group>"; };
		D6A5555A12F3E186D1677806 /* Pods_LearningApp.framework */ = {isa = PBXFileReference; explicitFileType = wrapper.framework; includeInIndex = 0; path = Pods_LearningApp.framework; sourceTree = BUILT_PRODUCTS_DIR; };
		F8935EA44904AD976934DDF3 /* Pods-LearningApp.debug.xcconfig */ = {isa = PBXFileReference; includeInIndex = 1; lastKnownFileType = text.xcconfig; name = "Pods-LearningApp.debug.xcconfig"; path = "Target Support Files/Pods-LearningApp/Pods-LearningApp.debug.xcconfig"; sourceTree = "<group>"; };
/* End PBXFileReference section */

/* Begin PBXFrameworksBuildPhase section */
		A2EA2CAB2696A1A9002D44E7 /* Frameworks */ = {
			isa = PBXFrameworksBuildPhase;
			buildActionMask = 2147483647;
			files = (
				A2EA2CE2269938F6002D44E7 /* AVKit.framework in Frameworks */,
				ACD16E1753DA4B404B52D771 /* Pods_LearningApp.framework in Frameworks */,
			);
			runOnlyForDeploymentPostprocessing = 0;
		};
/* End PBXFrameworksBuildPhase section */

/* Begin PBXGroup section */
		A27ECF1626B3993300DCFF4C /* Account */ = {
			isa = PBXGroup;
			children = (
				A27ECF1926B3997F00DCFF4C /* LoginView.swift */,
				A27ECF1C26B399BF00DCFF4C /* ProfileView.swift */,
			);
			path = Account;
			sourceTree = "<group>";
		};
		A27ECF1726B3994B00DCFF4C /* Common */ = {
			isa = PBXGroup;
			children = (
				A2FA1D82269A058D00180053 /* CodeTextView.swift */,
				A2BA65F5269BA50D00E4E62D /* RectangleCard.swift */,
			);
			path = Common;
			sourceTree = "<group>";
		};
		A27ECF1826B3995300DCFF4C /* Home */ = {
			isa = PBXGroup;
			children = (
				A2EA2CB32696A1A9002D44E7 /* HomeView.swift */,
				A2EA2CD42699287B002D44E7 /* HomeViewCard.swift */,
			);
			path = Home;
			sourceTree = "<group>";
		};
		A291693426A784860031FA99 /* Content */ = {
			isa = PBXGroup;
			children = (
				A2EA2CD726992D0A002D44E7 /* ContentView.swift */,
				A2EA2CDA269935A4002D44E7 /* ContentViewCard.swift */,
				A2EA2CDD26993710002D44E7 /* ContentDetailView.swift */,
			);
			path = Content;
			sourceTree = "<group>";
		};
		A291693526A7849A0031FA99 /* Test */ = {
			isa = PBXGroup;
			children = (
				A2BA6619269BD1BD00E4E62D /* TestView.swift */,
				A2FFEED2269CF25E00128C64 /* TestResultView.swift */,
			);
			path = Test;
			sourceTree = "<group>";
		};
		A2EA2CA52696A1A9002D44E7 = {
			isa = PBXGroup;
			children = (
				A2EA2CB02696A1A9002D44E7 /* LearningApp */,
				A2EA2CAF2696A1A9002D44E7 /* Products */,
				A2EA2CE0269938F5002D44E7 /* Frameworks */,
				D0DB5877F4F6978C52F968E9 /* Pods */,
			);
			sourceTree = "<group>";
		};
		A2EA2CAF2696A1A9002D44E7 /* Products */ = {
			isa = PBXGroup;
			children = (
				A2EA2CAE2696A1A9002D44E7 /* LearningApp.app */,
			);
			name = Products;
			sourceTree = "<group>";
		};
		A2EA2CB02696A1A9002D44E7 /* LearningApp */ = {
			isa = PBXGroup;
			children = (
				A2EA2CB12696A1A9002D44E7 /* LearningApp.swift */,
				A2EA2CC72696A23D002D44E7 /* Views */,
				A2EA2CC62696A238002D44E7 /* ViewModel */,
				A2EA2CC52696A22E002D44E7 /* Models */,
				A2EA2CC42696A226002D44E7 /* Resources */,
				A2EA2CC32696A20A002D44E7 /* Utilities */,
				A2EA2CB52696A1AC002D44E7 /* Assets.xcassets */,
				A2EA2CBA2696A1AC002D44E7 /* Info.plist */,
				A2DDB0E226AE499D00B9FF6E /* GoogleService-Info.plist */,
				A2EA2CB72696A1AC002D44E7 /* Preview Content */,
			);
			path = LearningApp;
			sourceTree = "<group>";
		};
		A2EA2CB72696A1AC002D44E7 /* Preview Content */ = {
			isa = PBXGroup;
			children = (
				A2EA2CB82696A1AC002D44E7 /* Preview Assets.xcassets */,
			);
			path = "Preview Content";
			sourceTree = "<group>";
		};
		A2EA2CC32696A20A002D44E7 /* Utilities */ = {
			isa = PBXGroup;
			children = (
				A2EA2CE326993A02002D44E7 /* Constants.swift */,
				A22A3CED26B5CDA600DDAB49 /* UserService.swift */,
			);
			path = Utilities;
			sourceTree = "<group>";
		};
		A2EA2CC42696A226002D44E7 /* Resources */ = {
			isa = PBXGroup;
			children = (
				A2EA2CCC2696A453002D44E7 /* style.html */,
			);
			path = Resources;
			sourceTree = "<group>";
		};
		A2EA2CC52696A22E002D44E7 /* Models */ = {
			isa = PBXGroup;
			children = (
				A2EA2CD12696A5DC002D44E7 /* Models.swift */,
			);
			path = Models;
			sourceTree = "<group>";
		};
		A2EA2CC62696A238002D44E7 /* ViewModel */ = {
			isa = PBXGroup;
			children = (
				A2EA2CC92696A28F002D44E7 /* ContentModel.swift */,
			);
			path = ViewModel;
			sourceTree = "<group>";
		};
		A2EA2CC72696A23D002D44E7 /* Views */ = {
			isa = PBXGroup;
			children = (
				A27ECF1F26B399DA00DCFF4C /* LaunchView.swift */,
				A27ECF1826B3995300DCFF4C /* Home */,
				A291693426A784860031FA99 /* Content */,
				A291693526A7849A0031FA99 /* Test */,
				A27ECF1726B3994B00DCFF4C /* Common */,
				A27ECF1626B3993300DCFF4C /* Account */,
			);
			path = Views;
			sourceTree = "<group>";
		};
		A2EA2CE0269938F5002D44E7 /* Frameworks */ = {
			isa = PBXGroup;
			children = (
				A2EA2CE1269938F6002D44E7 /* AVKit.framework */,
				D6A5555A12F3E186D1677806 /* Pods_LearningApp.framework */,
			);
			name = Frameworks;
			sourceTree = "<group>";
		};
		D0DB5877F4F6978C52F968E9 /* Pods */ = {
			isa = PBXGroup;
			children = (
				F8935EA44904AD976934DDF3 /* Pods-LearningApp.debug.xcconfig */,
				CA15C9A8E77D619045813DDD /* Pods-LearningApp.release.xcconfig */,
			);
			path = Pods;
			sourceTree = "<group>";
		};
/* End PBXGroup section */

/* Begin PBXNativeTarget section */
		A2EA2CAD2696A1A9002D44E7 /* LearningApp */ = {
			isa = PBXNativeTarget;
			buildConfigurationList = A2EA2CBD2696A1AC002D44E7 /* Build configuration list for PBXNativeTarget "LearningApp" */;
			buildPhases = (
				17DD5FBE7C6B89F03FE48F22 /* [CP] Check Pods Manifest.lock */,
				A2EA2CAA2696A1A9002D44E7 /* Sources */,
				A2EA2CAB2696A1A9002D44E7 /* Frameworks */,
				A2EA2CAC2696A1A9002D44E7 /* Resources */,
				3B620734346414792A490FFD /* [CP] Embed Pods Frameworks */,
			);
			buildRules = (
			);
			dependencies = (
			);
			name = LearningApp;
			productName = LearningApp;
			productReference = A2EA2CAE2696A1A9002D44E7 /* LearningApp.app */;
			productType = "com.apple.product-type.application";
		};
/* End PBXNativeTarget section */

/* Begin PBXProject section */
		A2EA2CA62696A1A9002D44E7 /* Project object */ = {
			isa = PBXProject;
			attributes = {
				LastSwiftUpdateCheck = 1240;
				LastUpgradeCheck = 1240;
				TargetAttributes = {
					A2EA2CAD2696A1A9002D44E7 = {
						CreatedOnToolsVersion = 12.4;
					};
				};
			};
			buildConfigurationList = A2EA2CA92696A1A9002D44E7 /* Build configuration list for PBXProject "LearningApp" */;
			compatibilityVersion = "Xcode 9.3";
			developmentRegion = en;
			hasScannedForEncodings = 0;
			knownRegions = (
				en,
				Base,
			);
			mainGroup = A2EA2CA52696A1A9002D44E7;
			productRefGroup = A2EA2CAF2696A1A9002D44E7 /* Products */;
			projectDirPath = "";
			projectRoot = "";
			targets = (
				A2EA2CAD2696A1A9002D44E7 /* LearningApp */,
			);
		};
/* End PBXProject section */

/* Begin PBXResourcesBuildPhase section */
		A2EA2CAC2696A1A9002D44E7 /* Resources */ = {
			isa = PBXResourcesBuildPhase;
			buildActionMask = 2147483647;
			files = (
				A2EA2CCE2696A453002D44E7 /* style.html in Resources */,
				A2EA2CB92696A1AC002D44E7 /* Preview Assets.xcassets in Resources */,
				A2DDB0E326AE499D00B9FF6E /* GoogleService-Info.plist in Resources */,
				A2EA2CB62696A1AC002D44E7 /* Assets.xcassets in Resources */,
			);
			runOnlyForDeploymentPostprocessing = 0;
		};
/* End PBXResourcesBuildPhase section */

/* Begin PBXShellScriptBuildPhase section */
		17DD5FBE7C6B89F03FE48F22 /* [CP] Check Pods Manifest.lock */ = {
			isa = PBXShellScriptBuildPhase;
			buildActionMask = 2147483647;
			files = (
			);
			inputFileListPaths = (
			);
			inputPaths = (
				"${PODS_PODFILE_DIR_PATH}/Podfile.lock",
				"${PODS_ROOT}/Manifest.lock",
			);
			name = "[CP] Check Pods Manifest.lock";
			outputFileListPaths = (
			);
			outputPaths = (
				"$(DERIVED_FILE_DIR)/Pods-LearningApp-checkManifestLockResult.txt",
			);
			runOnlyForDeploymentPostprocessing = 0;
			shellPath = /bin/sh;
			shellScript = "diff \"${PODS_PODFILE_DIR_PATH}/Podfile.lock\" \"${PODS_ROOT}/Manifest.lock\" > /dev/null\nif [ $? != 0 ] ; then\n    # print error to STDERR\n    echo \"error: The sandbox is not in sync with the Podfile.lock. Run 'pod install' or update your CocoaPods installation.\" >&2\n    exit 1\nfi\n# This output is used by Xcode 'outputs' to avoid re-running this script phase.\necho \"SUCCESS\" > \"${SCRIPT_OUTPUT_FILE_0}\"\n";
			showEnvVarsInLog = 0;
		};
		3B620734346414792A490FFD /* [CP] Embed Pods Frameworks */ = {
			isa = PBXShellScriptBuildPhase;
			buildActionMask = 2147483647;
			files = (
			);
			inputFileListPaths = (
				"${PODS_ROOT}/Target Support Files/Pods-LearningApp/Pods-LearningApp-frameworks-${CONFIGURATION}-input-files.xcfilelist",
			);
			name = "[CP] Embed Pods Frameworks";
			outputFileListPaths = (
				"${PODS_ROOT}/Target Support Files/Pods-LearningApp/Pods-LearningApp-frameworks-${CONFIGURATION}-output-files.xcfilelist",
			);
			runOnlyForDeploymentPostprocessing = 0;
			shellPath = /bin/sh;
			shellScript = "\"${PODS_ROOT}/Target Support Files/Pods-LearningApp/Pods-LearningApp-frameworks.sh\"\n";
			showEnvVarsInLog = 0;
		};
/* End PBXShellScriptBuildPhase section */

/* Begin PBXSourcesBuildPhase section */
		A2EA2CAA2696A1A9002D44E7 /* Sources */ = {
			isa = PBXSourcesBuildPhase;
			buildActionMask = 2147483647;
			files = (
				A2BA661A269BD1BD00E4E62D /* TestView.swift in Sources */,
				A27ECF2026B399DA00DCFF4C /* LaunchView.swift in Sources */,
				A2FFEED3269CF25E00128C64 /* TestResultView.swift in Sources */,
				A2EA2CB42696A1A9002D44E7 /* HomeView.swift in Sources */,
				A2EA2CB22696A1A9002D44E7 /* LearningApp.swift in Sources */,
				A2EA2CD826992D0A002D44E7 /* ContentView.swift in Sources */,
				A22A3CEE26B5CDA600DDAB49 /* UserService.swift in Sources */,
				A2EA2CDE26993710002D44E7 /* ContentDetailView.swift in Sources */,
				A2EA2CCA2696A28F002D44E7 /* ContentModel.swift in Sources */,
				A27ECF1D26B399BF00DCFF4C /* ProfileView.swift in Sources */,
				A2EA2CD22696A5DC002D44E7 /* Models.swift in Sources */,
				A27ECF1A26B3997F00DCFF4C /* LoginView.swift in Sources */,
				A2FA1D83269A058D00180053 /* CodeTextView.swift in Sources */,
				A2EA2CD52699287B002D44E7 /* HomeViewCard.swift in Sources */,
				A2EA2CDB269935A4002D44E7 /* ContentViewCard.swift in Sources */,
				A2BA65F6269BA50D00E4E62D /* RectangleCard.swift in Sources */,
				A2EA2CE426993A02002D44E7 /* Constants.swift in Sources */,
			);
			runOnlyForDeploymentPostprocessing = 0;
		};
/* End PBXSourcesBuildPhase section */

/* Begin XCBuildConfiguration section */
		A2EA2CBB2696A1AC002D44E7 /* Debug */ = {
			isa = XCBuildConfiguration;
			buildSettings = {
				ALWAYS_SEARCH_USER_PATHS = NO;
				CLANG_ANALYZER_NONNULL = YES;
				CLANG_ANALYZER_NUMBER_OBJECT_CONVERSION = YES_AGGRESSIVE;
				CLANG_CXX_LANGUAGE_STANDARD = "gnu++14";
				CLANG_CXX_LIBRARY = "libc++";
				CLANG_ENABLE_MODULES = YES;
				CLANG_ENABLE_OBJC_ARC = YES;
				CLANG_ENABLE_OBJC_WEAK = YES;
				CLANG_WARN_BLOCK_CAPTURE_AUTORELEASING = YES;
				CLANG_WARN_BOOL_CONVERSION = YES;
				CLANG_WARN_COMMA = YES;
				CLANG_WARN_CONSTANT_CONVERSION = YES;
				CLANG_WARN_DEPRECATED_OBJC_IMPLEMENTATIONS = YES;
				CLANG_WARN_DIRECT_OBJC_ISA_USAGE = YES_ERROR;
				CLANG_WARN_DOCUMENTATION_COMMENTS = YES;
				CLANG_WARN_EMPTY_BODY = YES;
				CLANG_WARN_ENUM_CONVERSION = YES;
				CLANG_WARN_INFINITE_RECURSION = YES;
				CLANG_WARN_INT_CONVERSION = YES;
				CLANG_WARN_NON_LITERAL_NULL_CONVERSION = YES;
				CLANG_WARN_OBJC_IMPLICIT_RETAIN_SELF = YES;
				CLANG_WARN_OBJC_LITERAL_CONVERSION = YES;
				CLANG_WARN_OBJC_ROOT_CLASS = YES_ERROR;
				CLANG_WARN_QUOTED_INCLUDE_IN_FRAMEWORK_HEADER = YES;
				CLANG_WARN_RANGE_LOOP_ANALYSIS = YES;
				CLANG_WARN_STRICT_PROTOTYPES = YES;
				CLANG_WARN_SUSPICIOUS_MOVE = YES;
				CLANG_WARN_UNGUARDED_AVAILABILITY = YES_AGGRESSIVE;
				CLANG_WARN_UNREACHABLE_CODE = YES;
				CLANG_WARN__DUPLICATE_METHOD_MATCH = YES;
				COPY_PHASE_STRIP = NO;
				DEBUG_INFORMATION_FORMAT = dwarf;
				ENABLE_STRICT_OBJC_MSGSEND = YES;
				ENABLE_TESTABILITY = YES;
				GCC_C_LANGUAGE_STANDARD = gnu11;
				GCC_DYNAMIC_NO_PIC = NO;
				GCC_NO_COMMON_BLOCKS = YES;
				GCC_OPTIMIZATION_LEVEL = 0;
				GCC_PREPROCESSOR_DEFINITIONS = (
					"DEBUG=1",
					"$(inherited)",
				);
				GCC_WARN_64_TO_32_BIT_CONVERSION = YES;
				GCC_WARN_ABOUT_RETURN_TYPE = YES_ERROR;
				GCC_WARN_UNDECLARED_SELECTOR = YES;
				GCC_WARN_UNINITIALIZED_AUTOS = YES_AGGRESSIVE;
				GCC_WARN_UNUSED_FUNCTION = YES;
				GCC_WARN_UNUSED_VARIABLE = YES;
				IPHONEOS_DEPLOYMENT_TARGET = 14.4;
				MTL_ENABLE_DEBUG_INFO = INCLUDE_SOURCE;
				MTL_FAST_MATH = YES;
				ONLY_ACTIVE_ARCH = YES;
				SDKROOT = iphoneos;
				SWIFT_ACTIVE_COMPILATION_CONDITIONS = DEBUG;
				SWIFT_OPTIMIZATION_LEVEL = "-Onone";
			};
			name = Debug;
		};
		A2EA2CBC2696A1AC002D44E7 /* Release */ = {
			isa = XCBuildConfiguration;
			buildSettings = {
				ALWAYS_SEARCH_USER_PATHS = NO;
				CLANG_ANALYZER_NONNULL = YES;
				CLANG_ANALYZER_NUMBER_OBJECT_CONVERSION = YES_AGGRESSIVE;
				CLANG_CXX_LANGUAGE_STANDARD = "gnu++14";
				CLANG_CXX_LIBRARY = "libc++";
				CLANG_ENABLE_MODULES = YES;
				CLANG_ENABLE_OBJC_ARC = YES;
				CLANG_ENABLE_OBJC_WEAK = YES;
				CLANG_WARN_BLOCK_CAPTURE_AUTORELEASING = YES;
				CLANG_WARN_BOOL_CONVERSION = YES;
				CLANG_WARN_COMMA = YES;
				CLANG_WARN_CONSTANT_CONVERSION = YES;
				CLANG_WARN_DEPRECATED_OBJC_IMPLEMENTATIONS = YES;
				CLANG_WARN_DIRECT_OBJC_ISA_USAGE = YES_ERROR;
				CLANG_WARN_DOCUMENTATION_COMMENTS = YES;
				CLANG_WARN_EMPTY_BODY = YES;
				CLANG_WARN_ENUM_CONVERSION = YES;
				CLANG_WARN_INFINITE_RECURSION = YES;
				CLANG_WARN_INT_CONVERSION = YES;
				CLANG_WARN_NON_LITERAL_NULL_CONVERSION = YES;
				CLANG_WARN_OBJC_IMPLICIT_RETAIN_SELF = YES;
				CLANG_WARN_OBJC_LITERAL_CONVERSION = YES;
				CLANG_WARN_OBJC_ROOT_CLASS = YES_ERROR;
				CLANG_WARN_QUOTED_INCLUDE_IN_FRAMEWORK_HEADER = YES;
				CLANG_WARN_RANGE_LOOP_ANALYSIS = YES;
				CLANG_WARN_STRICT_PROTOTYPES = YES;
				CLANG_WARN_SUSPICIOUS_MOVE = YES;
				CLANG_WARN_UNGUARDED_AVAILABILITY = YES_AGGRESSIVE;
				CLANG_WARN_UNREACHABLE_CODE = YES;
				CLANG_WARN__DUPLICATE_METHOD_MATCH = YES;
				COPY_PHASE_STRIP = NO;
				DEBUG_INFORMATION_FORMAT = "dwarf-with-dsym";
				ENABLE_NS_ASSERTIONS = NO;
				ENABLE_STRICT_OBJC_MSGSEND = YES;
				GCC_C_LANGUAGE_STANDARD = gnu11;
				GCC_NO_COMMON_BLOCKS = YES;
				GCC_WARN_64_TO_32_BIT_CONVERSION = YES;
				GCC_WARN_ABOUT_RETURN_TYPE = YES_ERROR;
				GCC_WARN_UNDECLARED_SELECTOR = YES;
				GCC_WARN_UNINITIALIZED_AUTOS = YES_AGGRESSIVE;
				GCC_WARN_UNUSED_FUNCTION = YES;
				GCC_WARN_UNUSED_VARIABLE = YES;
				IPHONEOS_DEPLOYMENT_TARGET = 14.4;
				MTL_ENABLE_DEBUG_INFO = NO;
				MTL_FAST_MATH = YES;
				SDKROOT = iphoneos;
				SWIFT_COMPILATION_MODE = wholemodule;
				SWIFT_OPTIMIZATION_LEVEL = "-O";
				VALIDATE_PRODUCT = YES;
			};
			name = Release;
		};
		A2EA2CBE2696A1AC002D44E7 /* Debug */ = {
			isa = XCBuildConfiguration;
			baseConfigurationReference = F8935EA44904AD976934DDF3 /* Pods-LearningApp.debug.xcconfig */;
			buildSettings = {
				ASSETCATALOG_COMPILER_APPICON_NAME = AppIcon;
				ASSETCATALOG_COMPILER_GLOBAL_ACCENT_COLOR_NAME = AccentColor;
				CODE_SIGN_STYLE = Automatic;
				DEVELOPMENT_ASSET_PATHS = "\"LearningApp/Preview Content\"";
				DEVELOPMENT_TEAM = 845Q48W2V4;
				ENABLE_PREVIEWS = YES;
				INFOPLIST_FILE = LearningApp/Info.plist;
				IPHONEOS_DEPLOYMENT_TARGET = 14.0;
				LD_RUNPATH_SEARCH_PATHS = (
					"$(inherited)",
					"@executable_path/Frameworks",
				);
				PRODUCT_BUNDLE_IDENTIFIER = com.MitchellSalomon.LearningApp;
				PRODUCT_NAME = "$(TARGET_NAME)";
				SWIFT_VERSION = 5.0;
				TARGETED_DEVICE_FAMILY = "1,2";
			};
			name = Debug;
		};
		A2EA2CBF2696A1AC002D44E7 /* Release */ = {
			isa = XCBuildConfiguration;
			baseConfigurationReference = CA15C9A8E77D619045813DDD /* Pods-LearningApp.release.xcconfig */;
			buildSettings = {
				ASSETCATALOG_COMPILER_APPICON_NAME = AppIcon;
				ASSETCATALOG_COMPILER_GLOBAL_ACCENT_COLOR_NAME = AccentColor;
				CODE_SIGN_STYLE = Automatic;
				DEVELOPMENT_ASSET_PATHS = "\"LearningApp/Preview Content\"";
				DEVELOPMENT_TEAM = 845Q48W2V4;
				ENABLE_PREVIEWS = YES;
				INFOPLIST_FILE = LearningApp/Info.plist;
				IPHONEOS_DEPLOYMENT_TARGET = 14.0;
				LD_RUNPATH_SEARCH_PATHS = (
					"$(inherited)",
					"@executable_path/Frameworks",
				);
				PRODUCT_BUNDLE_IDENTIFIER = com.MitchellSalomon.LearningApp;
				PRODUCT_NAME = "$(TARGET_NAME)";
				SWIFT_VERSION = 5.0;
				TARGETED_DEVICE_FAMILY = "1,2";
			};
			name = Release;
		};
/* End XCBuildConfiguration section */

/* Begin XCConfigurationList section */
		A2EA2CA92696A1A9002D44E7 /* Build configuration list for PBXProject "LearningApp" */ = {
			isa = XCConfigurationList;
			buildConfigurations = (
				A2EA2CBB2696A1AC002D44E7 /* Debug */,
				A2EA2CBC2696A1AC002D44E7 /* Release */,
			);
			defaultConfigurationIsVisible = 0;
			defaultConfigurationName = Release;
		};
		A2EA2CBD2696A1AC002D44E7 /* Build configuration list for PBXNativeTarget "LearningApp" */ = {
			isa = XCConfigurationList;
			buildConfigurations = (
				A2EA2CBE2696A1AC002D44E7 /* Debug */,
				A2EA2CBF2696A1AC002D44E7 /* Release */,
			);
			defaultConfigurationIsVisible = 0;
			defaultConfigurationName = Release;
		};
/* End XCConfigurationList section */
	};
	rootObject = A2EA2CA62696A1A9002D44E7 /* Project object */;
}
